<?xml version="1.0" encoding="utf-8"?>
<Project ToolsVersion="4.0" xmlns="http://schemas.microsoft.com/developer/msbuild/2003">
  <ItemGroup>
    <ClCompile Include="AppDisk.cpp" />
    <ClCompile Include="Application.cpp" />
    <ClCompile Include="Camera.cpp" />
    <ClCompile Include="InstanceManager.cpp" />
    <ClCompile Include="Instance.cpp" />
    <ClCompile Include="main.cpp" />
    <ClCompile Include="Model.cpp" />
    <ClCompile Include="Object.cpp" />
    <ClCompile Include="Renderer.cpp" />
    <ClCompile Include="ShaderManager.cpp" />
    <ClCompile Include="GBuffer.cpp" />
    <ClCompile Include="TextureManager.cpp" />
  </ItemGroup>
  <ItemGroup>
    <ClInclude Include="AppDisk.h" />
    <ClInclude Include="Application.h" />
    <ClInclude Include="Camera.h" />
    <ClInclude Include="InstanceManager.h" />
    <ClInclude Include="Instance.h" />
    <ClInclude Include="Model.h" />
    <ClInclude Include="Object.h" />
    <ClInclude Include="Renderer.h" />
    <ClInclude Include="ShaderManager.h" />
    <ClInclude Include="GBuffer.h" />
    <ClInclude Include="TextureManager.h" />
  </ItemGroup>
  <ItemGroup>
    <Filter Include="Resource">
      <UniqueIdentifier>{af47611a-8022-4984-b55f-b9695b9b85ff}</UniqueIdentifier>
    </Filter>
  </ItemGroup>
  <ItemGroup>
    <None Include="Shaders\lightPass.frag">
      <Filter>Resource</Filter>
    </None>
    <None Include="Shaders\lightPass.vert">
      <Filter>Resource</Filter>
    </None>
    <None Include="Shaders\geometryPass.frag">
      <Filter>Resource</Filter>
    </None>
    <None Include="Shaders\geometryPass.vert">
    <None Include="Shaders\instance.vert">
      <Filter>Resource</Filter>
    </None>
    <None Include="Shaders\textured.frag">
      <Filter>Resource</Filter>
    </None>
    <None Include="Shaders\textured.vert">
      <Filter>Resource</Filter>
    </None>
    <None Include="Shaders\instance.frag">
      <Filter>Resource</Filter>
    </None>
  </ItemGroup>
</Project>