<?xml version="1.0" encoding="utf-8"?>
<Project ToolsVersion="4.0" xmlns="http://schemas.microsoft.com/developer/msbuild/2003">
  <ItemGroup>
    <ClCompile Include="AppDisk.cpp" />
    <ClCompile Include="Application.cpp" />
    <ClCompile Include="Camera.cpp" />
    <ClCompile Include="GBuffer.cpp" />
    <ClCompile Include="InstanceManager.cpp" />
    <ClCompile Include="Instance.cpp" />
    <ClCompile Include="main.cpp" />
    <ClCompile Include="Model.cpp" />
    <ClCompile Include="Object.cpp" />
    <ClCompile Include="Renderer.cpp" />
    <ClCompile Include="ShaderManager.cpp" />
    <ClCompile Include="TextureManager.cpp" />
    <ClCompile Include="FrameBuffer.cpp" />
  </ItemGroup>
  <ItemGroup>
    <ClInclude Include="AppDisk.h" />
    <ClInclude Include="Application.h" />
    <ClInclude Include="Camera.h" />
    <ClInclude Include="GBuffer.h" />
    <ClInclude Include="InstanceManager.h" />
    <ClInclude Include="Instance.h" />
    <ClInclude Include="Model.h" />
    <ClInclude Include="Object.h" />
    <ClInclude Include="Renderer.h" />
    <ClInclude Include="ShaderManager.h" />
    <ClInclude Include="TextureManager.h" />
    <ClInclude Include="FrameBuffer.h" />
  </ItemGroup>
  <ItemGroup>
    <None Include="Shaders\geometryPass.frag">
      <Filter>Resources</Filter>
    </None>
    <None Include="Shaders\geometryPass.vert">
      <Filter>Resources</Filter>
    </None>
    <None Include="Shaders\instance.vert">
      <Filter>Resources</Filter>
    </None>
    <None Include="Shaders\instance.frag">
      <Filter>Resources</Filter>
    </None>
    <None Include="Shaders\lightPass.frag">
      <Filter>Resources</Filter>
    </None>
    <None Include="Shaders\lightPass.vert">
      <Filter>Resources</Filter>
    </None>
    <None Include="Shaders\textured.vert">
      <Filter>Resources</Filter>
    </None>
    <None Include="Shaders\textured.frag">
      <Filter>Resources</Filter>
    </None>
  </ItemGroup>
  <ItemGroup>
    <Filter Include="Resources">
      <UniqueIdentifier>{da755ba2-ef6e-4578-bf6a-d588eb96a4f5}</UniqueIdentifier>
    </Filter>
  </ItemGroup>
</Project>